# Not working currently
# https://community.home-assistant.io/t/ios-actionable-notification-with-camera-image-attached/13581/34?u=chriskacerguis
# example seems to have issues...I don't know WTF is wrong
#- alias: Unlock Front Door
#  trigger:
#    platform: event
#    event_type: ios.notification_action_fired
#    event_data:
#      actionName: UNLOCK_FRONT
#  action:
#    - service: lock.unlock
#      data:
#        entity_id: lock.front_door_locked